# generated by rye
# use `rye lock` or `rye sync` to update this lockfile
#
# last locked with the following flags:
#   pre: false
#   features: []
#   all-features: false
#   with-sources: false
#   generate-hashes: false
#   universal: false

-e file:.
beautifulsoup4==4.12.3
    # via apkutils
cffi==1.17.1
    # via cryptography
click==8.1.7
    # via apkutils
colorlog==6.8.2
    # via apkutils
cryptography==43.0.1
    # via apkutils
lxml==5.3.0
    # via apkutils
pycparser==2.22
    # via cffi
pyelftools==0.27
    # via apkutils
pyftype==1.2.4
    # via apkutils
pygments==2.18.0
    # via apkutils
soupsieve==2.6
    # via beautifulsoup4
